
Microsoft Visual Studio Solution File, Format Version 12.00
# Visual Studio Version 17
VisualStudioVersion = 17.7.34031.279
MinimumVisualStudioVersion = 10.0.40219.1
Project("{FAE04EC0-301F-11D3-BF4B-00C04F79EFBC}") = "Bank-System-Project", "Bank-System-Project.csproj", "{969507B4-617C-44BE-8593-D66C26E4FEE5}"
EndProject
Global
	GlobalSection(SolutionConfigurationPlatforms) = preSolution
		Debug|Any CPU = Debug|Any CPU
		Release|Any CPU = Release|Any CPU
	EndGlobalSection
	GlobalSection(ProjectConfigurationPlatforms) = postSolution
		{969507B4-617C-44BE-8593-D66C26E4FEE5}.Debug|Any CPU.ActiveCfg = Debug|Any CPU
		{969507B4-617C-44BE-8593-D66C26E4FEE5}.Debug|Any CPU.Build.0 = Debug|Any CPU
		{969507B4-617C-44BE-8593-D66C26E4FEE5}.Release|Any CPU.ActiveCfg = Release|Any CPU
		{969507B4-617C-44BE-8593-D66C26E4FEE5}.Release|Any CPU.Build.0 = Release|Any CPU
	EndGlobalSection
	GlobalSection(SolutionProperties) = preSolution
		HideSolutionNode = FALSE
	EndGlobalSection
	GlobalSection(ExtensibilityGlobals) = postSolution
		SolutionGuid = {CD7A04D2-9CE4-42E7-B31D-F51A0DC6628D}
	EndGlobalSection
EndGlobal
